
Microsoft Visual Studio Solution File, Format Version 12.00
# Visual Studio Version 17
VisualStudioVersion = 17.3.32901.215
MinimumVisualStudioVersion = 10.0.40219.1
Project("{9A19103F-16F7-4668-BE54-9A1E7A4F7556}") = "dotnet-ef-core", "dotnet-ef-core\dotnet-ef-core.csproj", "{45693668-1176-4F92-97DD-F2849CB71309}"
EndProject
Global
	GlobalSection(SolutionConfigurationPlatforms) = preSolution
		Debug|Any CPU = Debug|Any CPU
		Release|Any CPU = Release|Any CPU
	EndGlobalSection
	GlobalSection(ProjectConfigurationPlatforms) = postSolution
		{45693668-1176-4F92-97DD-F2849CB71309}.Debug|Any CPU.ActiveCfg = Debug|Any CPU
		{45693668-1176-4F92-97DD-F2849CB71309}.Debug|Any CPU.Build.0 = Debug|Any CPU
		{45693668-1176-4F92-97DD-F2849CB71309}.Release|Any CPU.ActiveCfg = Release|Any CPU
		{45693668-1176-4F92-97DD-F2849CB71309}.Release|Any CPU.Build.0 = Release|Any CPU
	EndGlobalSection
	GlobalSection(SolutionProperties) = preSolution
		HideSolutionNode = FALSE
	EndGlobalSection
	GlobalSection(ExtensibilityGlobals) = postSolution
		SolutionGuid = {AD95F17A-37D1-4EB3-8791-00D79CB4F20D}
	EndGlobalSection
EndGlobal
